
Microsoft Visual Studio Solution File, Format Version 12.00
# Visual Studio Version 17
VisualStudioVersion = 17.13.35828.75 d17.13
MinimumVisualStudioVersion = 10.0.40219.1
Project("{FAE04EC0-301F-11D3-BF4B-00C04F79EFBC}") = "BookStoreApp", "BookStoreApp\BookStoreApp.csproj", "{BA6CA8B4-6122-480D-8687-5D17568C5BAF}"
EndProject
Global
	GlobalSection(SolutionConfigurationPlatforms) = preSolution
		Debug|Any CPU = Debug|Any CPU
		Release|Any CPU = Release|Any CPU
	EndGlobalSection
	GlobalSection(ProjectConfigurationPlatforms) = postSolution
		{BA6CA8B4-6122-480D-8687-5D17568C5BAF}.Debug|Any CPU.ActiveCfg = Debug|Any CPU
		{BA6CA8B4-6122-480D-8687-5D17568C5BAF}.Debug|Any CPU.Build.0 = Debug|Any CPU
		{BA6CA8B4-6122-480D-8687-5D17568C5BAF}.Debug|Any CPU.Deploy.0 = Debug|Any CPU
		{BA6CA8B4-6122-480D-8687-5D17568C5BAF}.Release|Any CPU.ActiveCfg = Release|Any CPU
		{BA6CA8B4-6122-480D-8687-5D17568C5BAF}.Release|Any CPU.Build.0 = Release|Any CPU
		{BA6CA8B4-6122-480D-8687-5D17568C5BAF}.Release|Any CPU.Deploy.0 = Release|Any CPU
	EndGlobalSection
	GlobalSection(SolutionProperties) = preSolution
		HideSolutionNode = FALSE
	EndGlobalSection
	GlobalSection(ExtensibilityGlobals) = postSolution
		SolutionGuid = {72A8EA6E-B1DE-4927-BF6F-C424E339FA59}
	EndGlobalSection
EndGlobal
